
Microsoft Visual Studio Solution File, Format Version 12.00
# Visual Studio Version 16
VisualStudioVersion = 16.0.30406.217
MinimumVisualStudioVersion = 10.0.40219.1
Project("{9A19103F-16F7-4668-BE54-9A1E7A4F7556}") = "MyLab.KafkaClient", "MyLab.KafkaClient\MyLab.KafkaClient.csproj", "{86D8C9E1-F890-42AC-B807-F3D52AA2043B}"
EndProject
Project("{9A19103F-16F7-4668-BE54-9A1E7A4F7556}") = "IntegrationTests", "IntegrationTests\IntegrationTests.csproj", "{F5195626-B0CE-428C-9A6E-212A5C472463}"
EndProject
Project("{9A19103F-16F7-4668-BE54-9A1E7A4F7556}") = "UnitTests", "UnitTests\UnitTests.csproj", "{E839D269-B6D9-4322-A21C-9E9623DCBDFD}"
EndProject
Project("{FAE04EC0-301F-11D3-BF4B-00C04F79EFBC}") = "TestServer", "TestServer\TestServer.csproj", "{EDF1C863-ACD7-4118-B22B-416F118DC030}"
EndProject
Global
	GlobalSection(SolutionConfigurationPlatforms) = preSolution
		Debug|Any CPU = Debug|Any CPU
		Release|Any CPU = Release|Any CPU
	EndGlobalSection
	GlobalSection(ProjectConfigurationPlatforms) = postSolution
		{86D8C9E1-F890-42AC-B807-F3D52AA2043B}.Debug|Any CPU.ActiveCfg = Debug|Any CPU
		{86D8C9E1-F890-42AC-B807-F3D52AA2043B}.Debug|Any CPU.Build.0 = Debug|Any CPU
		{86D8C9E1-F890-42AC-B807-F3D52AA2043B}.Release|Any CPU.ActiveCfg = Release|Any CPU
		{86D8C9E1-F890-42AC-B807-F3D52AA2043B}.Release|Any CPU.Build.0 = Release|Any CPU
		{F5195626-B0CE-428C-9A6E-212A5C472463}.Debug|Any CPU.ActiveCfg = Debug|Any CPU
		{F5195626-B0CE-428C-9A6E-212A5C472463}.Debug|Any CPU.Build.0 = Debug|Any CPU
		{F5195626-B0CE-428C-9A6E-212A5C472463}.Release|Any CPU.ActiveCfg = Release|Any CPU
		{F5195626-B0CE-428C-9A6E-212A5C472463}.Release|Any CPU.Build.0 = Release|Any CPU
		{E839D269-B6D9-4322-A21C-9E9623DCBDFD}.Debug|Any CPU.ActiveCfg = Debug|Any CPU
		{E839D269-B6D9-4322-A21C-9E9623DCBDFD}.Debug|Any CPU.Build.0 = Debug|Any CPU
		{E839D269-B6D9-4322-A21C-9E9623DCBDFD}.Release|Any CPU.ActiveCfg = Release|Any CPU
		{E839D269-B6D9-4322-A21C-9E9623DCBDFD}.Release|Any CPU.Build.0 = Release|Any CPU
		{EDF1C863-ACD7-4118-B22B-416F118DC030}.Debug|Any CPU.ActiveCfg = Debug|Any CPU
		{EDF1C863-ACD7-4118-B22B-416F118DC030}.Debug|Any CPU.Build.0 = Debug|Any CPU
		{EDF1C863-ACD7-4118-B22B-416F118DC030}.Release|Any CPU.ActiveCfg = Release|Any CPU
		{EDF1C863-ACD7-4118-B22B-416F118DC030}.Release|Any CPU.Build.0 = Release|Any CPU
	EndGlobalSection
	GlobalSection(SolutionProperties) = preSolution
		HideSolutionNode = FALSE
	EndGlobalSection
	GlobalSection(ExtensibilityGlobals) = postSolution
		SolutionGuid = {C0287EE3-60AF-4B95-A556-BA3BE2F6E6CD}
	EndGlobalSection
EndGlobal
